
Microsoft Visual Studio Solution File, Format Version 12.00
# Visual Studio Version 17
VisualStudioVersion = 17.10.35027.167
MinimumVisualStudioVersion = 10.0.40219.1
Project("{FAE04EC0-301F-11D3-BF4B-00C04F79EFBC}") = "ErmiiSoft.MkdsKartAiParamEditor", "ErmiiSoft.MkdsKartAiParamEditor\ErmiiSoft.MkdsKartAiParamEditor.csproj", "{3107E56D-95D9-4345-A439-27E80CD15CE4}"
EndProject
Global
	GlobalSection(SolutionConfigurationPlatforms) = preSolution
		Debug|Any CPU = Debug|Any CPU
		Release|Any CPU = Release|Any CPU
	EndGlobalSection
	GlobalSection(ProjectConfigurationPlatforms) = postSolution
		{3107E56D-95D9-4345-A439-27E80CD15CE4}.Debug|Any CPU.ActiveCfg = Debug|Any CPU
		{3107E56D-95D9-4345-A439-27E80CD15CE4}.Debug|Any CPU.Build.0 = Debug|Any CPU
		{3107E56D-95D9-4345-A439-27E80CD15CE4}.Release|Any CPU.ActiveCfg = Release|Any CPU
		{3107E56D-95D9-4345-A439-27E80CD15CE4}.Release|Any CPU.Build.0 = Release|Any CPU
	EndGlobalSection
	GlobalSection(SolutionProperties) = preSolution
		HideSolutionNode = FALSE
	EndGlobalSection
	GlobalSection(ExtensibilityGlobals) = postSolution
		SolutionGuid = {9362E8B5-F112-4B44-B3F4-04F598A78159}
	EndGlobalSection
EndGlobal
